{
  "name": "@x.render/build-react-component-webpack-preset",
  "version": "1.7.0",
  "lockfileVersion": 3,
  "requires": true,
  "packages": {
    "": {
      "name": "@x.render/build-react-component-webpack-preset",
      "version": "1.7.0",
      "license": "ISC",
      "dependencies": {
        "@x.render/emit-esm-cjs-webpack-plugin": "^1.7.0",
        "@x.render/optimization-webpack-plugin": "^1.4.0",
        "@x.render/react-babel-webpack-plugin": "^1.4.0",
        "@x.render/react-component-webpack-plugin": "^1.7.0",
        "@x.render/static-assets-webpack-plugin": "^1.4.0",
        "@x.render/style-webpack-plugin": "^1.4.0"
      }
    },
    "../emit-esm-cjs-webpack-plugin": {
      "name": "@x.render/emit-esm-cjs-webpack-plugin",
      "version": "1.4.0",
      "license": "ISC",
      "dependencies": {
        "@babel/core": "^7.23.6",
        "@babel/plugin-proposal-class-properties": "^7.18.6",
        "@babel/plugin-proposal-private-methods": "^7.18.6",
        "@babel/plugin-proposal-private-property-in-object": "^7.21.11",
        "@babel/plugin-transform-runtime": "^7.23.6",
        "@x.render/react-babel-webpack-plugin": "file:../react-babel-webpack-plugin",
        "@x.render/render-builder": "^1.0.0",
        "@x.render/render-node-utils": "^1.0.3",
        "babel-plugin-module-resolver": "^5.0.0",
        "fs-extra": "^11.2.0",
        "glob": "^10.3.10",
        "typescript": "^5.3.3"
      }
    },
    "../optimization-webpack-plugin": {
      "name": "@x.render/optimization-webpack-plugin",
      "version": "1.4.0",
      "license": "ISC",
      "dependencies": {
        "@x.render/render-builder": "^1.0.0",
        "css-minimizer-webpack-plugin": "^5.0.1",
        "terser-webpack-plugin": "^5.3.9"
      }
    },
    "../react-babel-webpack-plugin": {
      "name": "@x.render/react-babel-webpack-plugin",
      "version": "1.4.0",
      "license": "ISC",
      "dependencies": {
        "@babel/core": "^7.22.5",
        "@babel/preset-env": "^7.22.5",
        "@babel/preset-react": "^7.22.5",
        "@babel/preset-typescript": "^7.22.5",
        "@pmmmwh/react-refresh-webpack-plugin": "^0.5.11",
        "@x.render/render-builder": "^1.0.0",
        "babel-loader": "^9.1.2",
        "react-refresh": "^0.14.0"
      }
    },
    "../react-component-webpack-plugin": {
      "name": "@x.render/react-component-webpack-plugin",
      "version": "1.4.0",
      "license": "ISC",
      "dependencies": {
        "@x.render/render-builder": "^1.0.0",
        "@x.render/render-node-utils": "^1.0.3",
        "case-sensitive-paths-webpack-plugin": "^2.4.0",
        "fs-extra": "^11.2.0",
        "html-webpack-plugin": "^5.5.4",
        "react-dev-utils": "^12.0.1",
        "webpack": "^5.89.0",
        "webpackbar": "^5.0.2"
      },
      "devDependencies": {
        "@types/fs-extra": "^11.0.4"
      }
    },
    "../react-component-webpack-pluginn": {
      "extraneous": true
    },
    "../static-assets-webpack-plugin": {
      "name": "@x.render/static-assets-webpack-plugin",
      "version": "1.4.0",
      "license": "ISC",
      "dependencies": {
        "@x.render/render-builder": "^1.0.0",
        "url-loader": "^4.1.1"
      }
    },
    "../style-webpack-plugin": {
      "name": "@x.render/style-webpack-plugin",
      "version": "1.4.0",
      "license": "ISC",
      "dependencies": {
        "@x.render/render-builder": "^1.0.0",
        "css-loader": "^6.8.1",
        "less": "^4.2.0",
        "less-loader": "^11.1.3",
        "mini-css-extract-plugin": "^2.7.6",
        "postcss-loader": "^7.3.3",
        "postcss-px-to-viewport": "^1.1.1",
        "sass": "^1.69.5",
        "sass-loader": "^13.3.2",
        "style-loader": "^3.3.3",
        "webpack-chain": "^6.5.1"
      }
    },
    "node_modules/@x.render/emit-esm-cjs-webpack-plugin": {
      "resolved": "../emit-esm-cjs-webpack-plugin",
      "link": true
    },
    "node_modules/@x.render/optimization-webpack-plugin": {
      "resolved": "../optimization-webpack-plugin",
      "link": true
    },
    "node_modules/@x.render/react-babel-webpack-plugin": {
      "resolved": "../react-babel-webpack-plugin",
      "link": true
    },
    "node_modules/@x.render/react-component-webpack-plugin": {
      "resolved": "../react-component-webpack-plugin",
      "link": true
    },
    "node_modules/@x.render/static-assets-webpack-plugin": {
      "resolved": "../static-assets-webpack-plugin",
      "link": true
    },
    "node_modules/@x.render/style-webpack-plugin": {
      "resolved": "../style-webpack-plugin",
      "link": true
    }
  }
}
